
Microsoft Visual Studio Solution File, Format Version 12.00
# Visual Studio 15
VisualStudioVersion = 15.0.27428.2002
MinimumVisualStudioVersion = 10.0.40219.1
Project("{FAE04EC0-301F-11D3-BF4B-00C04F79EFBC}") = "MRRC", "WindowsFormsApp13\MRRC.csproj", "{F897E78E-8C87-43B6-87A8-B30C8FD322CC}"
EndProject
Project("{FAE04EC0-301F-11D3-BF4B-00C04F79EFBC}") = "MRRCManagement", "ClassLibrary1\MRRCManagement.csproj", "{E33BF8D4-55B1-4A4B-9662-C9E4EBBD6EA9}"
EndProject
Project("{FAE04EC0-301F-11D3-BF4B-00C04F79EFBC}") = "ConsoleApp", "ConsoleApp1\ConsoleApp.csproj", "{A9E03430-BA3A-4047-A49C-D017EB5C69B0}"
EndProject
Global
	GlobalSection(SolutionConfigurationPlatforms) = preSolution
		Debug|Any CPU = Debug|Any CPU
		Release|Any CPU = Release|Any CPU
	EndGlobalSection
	GlobalSection(ProjectConfigurationPlatforms) = postSolution
		{F897E78E-8C87-43B6-87A8-B30C8FD322CC}.Debug|Any CPU.ActiveCfg = Debug|Any CPU
		{F897E78E-8C87-43B6-87A8-B30C8FD322CC}.Debug|Any CPU.Build.0 = Debug|Any CPU
		{F897E78E-8C87-43B6-87A8-B30C8FD322CC}.Release|Any CPU.ActiveCfg = Release|Any CPU
		{F897E78E-8C87-43B6-87A8-B30C8FD322CC}.Release|Any CPU.Build.0 = Release|Any CPU
		{E33BF8D4-55B1-4A4B-9662-C9E4EBBD6EA9}.Debug|Any CPU.ActiveCfg = Debug|Any CPU
		{E33BF8D4-55B1-4A4B-9662-C9E4EBBD6EA9}.Debug|Any CPU.Build.0 = Debug|Any CPU
		{E33BF8D4-55B1-4A4B-9662-C9E4EBBD6EA9}.Release|Any CPU.ActiveCfg = Release|Any CPU
		{E33BF8D4-55B1-4A4B-9662-C9E4EBBD6EA9}.Release|Any CPU.Build.0 = Release|Any CPU
		{A9E03430-BA3A-4047-A49C-D017EB5C69B0}.Debug|Any CPU.ActiveCfg = Debug|Any CPU
		{A9E03430-BA3A-4047-A49C-D017EB5C69B0}.Debug|Any CPU.Build.0 = Debug|Any CPU
		{A9E03430-BA3A-4047-A49C-D017EB5C69B0}.Release|Any CPU.ActiveCfg = Release|Any CPU
		{A9E03430-BA3A-4047-A49C-D017EB5C69B0}.Release|Any CPU.Build.0 = Release|Any CPU
	EndGlobalSection
	GlobalSection(SolutionProperties) = preSolution
		HideSolutionNode = FALSE
	EndGlobalSection
	GlobalSection(ExtensibilityGlobals) = postSolution
		SolutionGuid = {C14CE7B1-5FC7-4E1D-958A-59430E1C5C5D}
	EndGlobalSection
EndGlobal
